// !$*UTF8*$!
{
	archiveVersion = 1;
	classes = {
	};
	objectVersion = 46;
	objects = {

/* Begin PBXBuildFile section */
		8E3A5A493653E88E31DF92EC /* Pods_UVVClassroom.framework in Frameworks */ = {isa = PBXBuildFile; fileRef = DAD25E4168946877F407EAC3 /* Pods_UVVClassroom.framework */; };
		E01CB95C1E86BCF000463F9B /* AppDelegate.swift in Sources */ = {isa = PBXBuildFile; fileRef = E01CB95B1E86BCF000463F9B /* AppDelegate.swift */; };
		E01CB95E1E86BCF000463F9B /* ViewController.swift in Sources */ = {isa = PBXBuildFile; fileRef = E01CB95D1E86BCF000463F9B /* ViewController.swift */; };
		E01CB9611E86BCF000463F9B /* Main.storyboard in Resources */ = {isa = PBXBuildFile; fileRef = E01CB95F1E86BCF000463F9B /* Main.storyboard */; };
		E01CB9631E86BCF000463F9B /* Assets.xcassets in Resources */ = {isa = PBXBuildFile; fileRef = E01CB9621E86BCF000463F9B /* Assets.xcassets */; };
		E01CB9661E86BCF000463F9B /* LaunchScreen.storyboard in Resources */ = {isa = PBXBuildFile; fileRef = E01CB9641E86BCF000463F9B /* LaunchScreen.storyboard */; };
/* End PBXBuildFile section */

/* Begin PBXFileReference section */
		147EC4D187F01DC9D2C4D36F /* Pods-UVVClassroom.release.xcconfig */ = {isa = PBXFileReference; includeInIndex = 1; lastKnownFileType = text.xcconfig; name = "Pods-UVVClassroom.release.xcconfig"; path = "Pods/Target Support Files/Pods-UVVClassroom/Pods-UVVClassroom.release.xcconfig"; sourceTree = "<group>"; };
		7D59F1D87D4116C3C2B5BA78 /* Pods-UVVClassroom.debug.xcconfig */ = {isa = PBXFileReference; includeInIndex = 1; lastKnownFileType = text.xcconfig; name = "Pods-UVVClassroom.debug.xcconfig"; path = "Pods/Target Support Files/Pods-UVVClassroom/Pods-UVVClassroom.debug.xcconfig"; sourceTree = "<group>"; };
		DAD25E4168946877F407EAC3 /* Pods_UVVClassroom.framework */ = {isa = PBXFileReference; explicitFileType = wrapper.framework; includeInIndex = 0; path = Pods_UVVClassroom.framework; sourceTree = BUILT_PRODUCTS_DIR; };
		E01CB9581E86BCF000463F9B /* UVVClassroom.app */ = {isa = PBXFileReference; explicitFileType = wrapper.application; includeInIndex = 0; path = UVVClassroom.app; sourceTree = BUILT_PRODUCTS_DIR; };
		E01CB95B1E86BCF000463F9B /* AppDelegate.swift */ = {isa = PBXFileReference; lastKnownFileType = sourcecode.swift; path = AppDelegate.swift; sourceTree = "<group>"; };
		E01CB95D1E86BCF000463F9B /* ViewController.swift */ = {isa = PBXFileReference; lastKnownFileType = sourcecode.swift; path = ViewController.swift; sourceTree = "<group>"; };
		E01CB9601E86BCF000463F9B /* Base */ = {isa = PBXFileReference; lastKnownFileType = file.storyboard; name = Base; path = Base.lproj/Main.storyboard; sourceTree = "<group>"; };
		E01CB9621E86BCF000463F9B /* Assets.xcassets */ = {isa = PBXFileReference; lastKnownFileType = folder.assetcatalog; path = Assets.xcassets; sourceTree = "<group>"; };
		E01CB9651E86BCF000463F9B /* Base */ = {isa = PBXFileReference; lastKnownFileType = file.storyboard; name = Base; path = Base.lproj/LaunchScreen.storyboard; sourceTree = "<group>"; };
		E01CB9671E86BCF000463F9B /* Info.plist */ = {isa = PBXFileReference; lastKnownFileType = text.plist.xml; path = Info.plist; sourceTree = "<group>"; };
/* End PBXFileReference section */

/* Begin PBXFrameworksBuildPhase section */
		E01CB9551E86BCEF00463F9B /* Frameworks */ = {
			isa = PBXFrameworksBuildPhase;
			buildActionMask = 2147483647;
			files = (
				8E3A5A493653E88E31DF92EC /* Pods_UVVClassroom.framework in Frameworks */,
			);
			runOnlyForDeploymentPostprocessing = 0;
		};
/* End PBXFrameworksBuildPhase section */

/* Begin PBXGroup section */
		E01CB94F1E86BCEF00463F9B = {
			isa = PBXGroup;
			children = (
				E01CB95A1E86BCF000463F9B /* UVVClassroom */,
				E01CB9591E86BCF000463F9B /* Products */,
				F9180E20D0BD8286E8BEF7BC /* Pods */,
				E9F15BA853E5C491DB43E9E2 /* Frameworks */,
			);
			sourceTree = "<group>";
		};
		E01CB9591E86BCF000463F9B /* Products */ = {
			isa = PBXGroup;
			children = (
				E01CB9581E86BCF000463F9B /* UVVClassroom.app */,
			);
			name = Products;
			sourceTree = "<group>";
		};
		E01CB95A1E86BCF000463F9B /* UVVClassroom */ = {
			isa = PBXGroup;
			children = (
				E01CB95B1E86BCF000463F9B /* AppDelegate.swift */,
				E01CB95D1E86BCF000463F9B /* ViewController.swift */,
				E01CB95F1E86BCF000463F9B /* Main.storyboard */,
				E01CB9621E86BCF000463F9B /* Assets.xcassets */,
				E01CB9641E86BCF000463F9B /* LaunchScreen.storyboard */,
				E01CB9671E86BCF000463F9B /* Info.plist */,
			);
			path = UVVClassroom;
			sourceTree = "<group>";
		};
		E9F15BA853E5C491DB43E9E2 /* Frameworks */ = {
			isa = PBXGroup;
			children = (
				DAD25E4168946877F407EAC3 /* Pods_UVVClassroom.framework */,
			);
			name = Frameworks;
			sourceTree = "<group>";
		};
		F9180E20D0BD8286E8BEF7BC /* Pods */ = {
			isa = PBXGroup;
			children = (
				7D59F1D87D4116C3C2B5BA78 /* Pods-UVVClassroom.debug.xcconfig */,
				147EC4D187F01DC9D2C4D36F /* Pods-UVVClassroom.release.xcconfig */,
			);
			name = Pods;
			sourceTree = "<group>";
		};
/* End PBXGroup section */

/* Begin PBXNativeTarget section */
		E01CB9571E86BCEF00463F9B /* UVVClassroom */ = {
			isa = PBXNativeTarget;
			buildConfigurationList = E01CB96A1E86BCF000463F9B /* Build configuration list for PBXNativeTarget "UVVClassroom" */;
			buildPhases = (
				32D36B18519A867E6C8E72FF /* [CP] Check Pods Manifest.lock */,
				E01CB9541E86BCEF00463F9B /* Sources */,
				E01CB9551E86BCEF00463F9B /* Frameworks */,
				E01CB9561E86BCEF00463F9B /* Resources */,
				424D21B81D6F0B16EF35134D /* [CP] Embed Pods Frameworks */,
				C5C2589A4B6D9CCAC1738B73 /* [CP] Copy Pods Resources */,
			);
			buildRules = (
			);
			dependencies = (
			);
			name = UVVClassroom;
			productName = UVVClassroom;
			productReference = E01CB9581E86BCF000463F9B /* UVVClassroom.app */;
			productType = "com.apple.product-type.application";
		};
/* End PBXNativeTarget section */

/* Begin PBXProject section */
		E01CB9501E86BCEF00463F9B /* Project object */ = {
			isa = PBXProject;
			attributes = {
				LastSwiftUpdateCheck = 0820;
				LastUpgradeCheck = 0820;
				ORGANIZATIONNAME = "Lorenzo Piccoli";
				TargetAttributes = {
					E01CB9571E86BCEF00463F9B = {
						CreatedOnToolsVersion = 8.2.1;
						DevelopmentTeam = H55HQZ682T;
						ProvisioningStyle = Automatic;
					};
				};
			};
			buildConfigurationList = E01CB9531E86BCEF00463F9B /* Build configuration list for PBXProject "UVVClassroom" */;
			compatibilityVersion = "Xcode 3.2";
			developmentRegion = English;
			hasScannedForEncodings = 0;
			knownRegions = (
				en,
				Base,
			);
			mainGroup = E01CB94F1E86BCEF00463F9B;
			productRefGroup = E01CB9591E86BCF000463F9B /* Products */;
			projectDirPath = "";
			projectRoot = "";
			targets = (
				E01CB9571E86BCEF00463F9B /* UVVClassroom */,
			);
		};
/* End PBXProject section */

/* Begin PBXResourcesBuildPhase section */
		E01CB9561E86BCEF00463F9B /* Resources */ = {
			isa = PBXResourcesBuildPhase;
			buildActionMask = 2147483647;
			files = (
				E01CB9661E86BCF000463F9B /* LaunchScreen.storyboard in Resources */,
				E01CB9631E86BCF000463F9B /* Assets.xcassets in Resources */,
				E01CB9611E86BCF000463F9B /* Main.storyboard in Resources */,
			);
			runOnlyForDeploymentPostprocessing = 0;
		};
/* End PBXResourcesBuildPhase section */

/* Begin PBXShellScriptBuildPhase section */
		32D36B18519A867E6C8E72FF /* [CP] Check Pods Manifest.lock */ = {
			isa = PBXShellScriptBuildPhase;
			buildActionMask = 2147483647;
			files = (
			);
			inputPaths = (
			);
			name = "[CP] Check Pods Manifest.lock";
			outputPaths = (
			);
			runOnlyForDeploymentPostprocessing = 0;
			shellPath = /bin/sh;
			shellScript = "diff \"${PODS_ROOT}/../Podfile.lock\" \"${PODS_ROOT}/Manifest.lock\" > /dev/null\nif [ $? != 0 ] ; then\n    # print error to STDERR\n    echo \"error: The sandbox is not in sync with the Podfile.lock. Run 'pod install' or update your CocoaPods installation.\" >&2\n    exit 1\nfi\n";
			showEnvVarsInLog = 0;
		};
		424D21B81D6F0B16EF35134D /* [CP] Embed Pods Frameworks */ = {
			isa = PBXShellScriptBuildPhase;
			buildActionMask = 2147483647;
			files = (
			);
			inputPaths = (
			);
			name = "[CP] Embed Pods Frameworks";
			outputPaths = (
			);
			runOnlyForDeploymentPostprocessing = 0;
			shellPath = /bin/sh;
			shellScript = "\"${SRCROOT}/Pods/Target Support Files/Pods-UVVClassroom/Pods-UVVClassroom-frameworks.sh\"\n";
			showEnvVarsInLog = 0;
		};
		C5C2589A4B6D9CCAC1738B73 /* [CP] Copy Pods Resources */ = {
			isa = PBXShellScriptBuildPhase;
			buildActionMask = 2147483647;
			files = (
			);
			inputPaths = (
			);
			name = "[CP] Copy Pods Resources";
			outputPaths = (
			);
			runOnlyForDeploymentPostprocessing = 0;
			shellPath = /bin/sh;
			shellScript = "\"${SRCROOT}/Pods/Target Support Files/Pods-UVVClassroom/Pods-UVVClassroom-resources.sh\"\n";
			showEnvVarsInLog = 0;
		};
/* End PBXShellScriptBuildPhase section */

/* Begin PBXSourcesBuildPhase section */
		E01CB9541E86BCEF00463F9B /* Sources */ = {
			isa = PBXSourcesBuildPhase;
			buildActionMask = 2147483647;
			files = (
				E01CB95E1E86BCF000463F9B /* ViewController.swift in Sources */,
				E01CB95C1E86BCF000463F9B /* AppDelegate.swift in Sources */,
			);
			runOnlyForDeploymentPostprocessing = 0;
		};
/* End PBXSourcesBuildPhase section */

/* Begin PBXVariantGroup section */
		E01CB95F1E86BCF000463F9B /* Main.storyboard */ = {
			isa = PBXVariantGroup;
			children = (
				E01CB9601E86BCF000463F9B /* Base */,
			);
			name = Main.storyboard;
			sourceTree = "<group>";
		};
		E01CB9641E86BCF000463F9B /* LaunchScreen.storyboard */ = {
			isa = PBXVariantGroup;
			children = (
				E01CB9651E86BCF000463F9B /* Base */,
			);
			name = LaunchScreen.storyboard;
			sourceTree = "<group>";
		};
/* End PBXVariantGroup section */

/* Begin XCBuildConfiguration section */
		E01CB9681E86BCF000463F9B /* Debug */ = {
			isa = XCBuildConfiguration;
			buildSettings = {
				ALWAYS_SEARCH_USER_PATHS = NO;
				CLANG_ANALYZER_NONNULL = YES;
				CLANG_CXX_LANGUAGE_STANDARD = "gnu++0x";
				CLANG_CXX_LIBRARY = "libc++";
				CLANG_ENABLE_MODULES = YES;
				CLANG_ENABLE_OBJC_ARC = YES;
				CLANG_WARN_BOOL_CONVERSION = YES;
				CLANG_WARN_CONSTANT_CONVERSION = YES;
				CLANG_WARN_DIRECT_OBJC_ISA_USAGE = YES_ERROR;
				CLANG_WARN_DOCUMENTATION_COMMENTS = YES;
				CLANG_WARN_EMPTY_BODY = YES;
				CLANG_WARN_ENUM_CONVERSION = YES;
				CLANG_WARN_INFINITE_RECURSION = YES;
				CLANG_WARN_INT_CONVERSION = YES;
				CLANG_WARN_OBJC_ROOT_CLASS = YES_ERROR;
				CLANG_WARN_SUSPICIOUS_MOVE = YES;
				CLANG_WARN_UNREACHABLE_CODE = YES;
				CLANG_WARN__DUPLICATE_METHOD_MATCH = YES;
				"CODE_SIGN_IDENTITY[sdk=iphoneos*]" = "iPhone Developer";
				COPY_PHASE_STRIP = NO;
				DEBUG_INFORMATION_FORMAT = dwarf;
				ENABLE_STRICT_OBJC_MSGSEND = YES;
				ENABLE_TESTABILITY = YES;
				GCC_C_LANGUAGE_STANDARD = gnu99;
				GCC_DYNAMIC_NO_PIC = NO;
				GCC_NO_COMMON_BLOCKS = YES;
				GCC_OPTIMIZATION_LEVEL = 0;
				GCC_PREPROCESSOR_DEFINITIONS = (
					"DEBUG=1",
					"$(inherited)",
				);
				GCC_WARN_64_TO_32_BIT_CONVERSION = YES;
				GCC_WARN_ABOUT_RETURN_TYPE = YES_ERROR;
				GCC_WARN_UNDECLARED_SELECTOR = YES;
				GCC_WARN_UNINITIALIZED_AUTOS = YES_AGGRESSIVE;
				GCC_WARN_UNUSED_FUNCTION = YES;
				GCC_WARN_UNUSED_VARIABLE = YES;
				IPHONEOS_DEPLOYMENT_TARGET = 10.2;
				MTL_ENABLE_DEBUG_INFO = YES;
				ONLY_ACTIVE_ARCH = YES;
				SDKROOT = iphoneos;
				SWIFT_ACTIVE_COMPILATION_CONDITIONS = DEBUG;
				SWIFT_OPTIMIZATION_LEVEL = "-Onone";
			};
			name = Debug;
		};
		E01CB9691E86BCF000463F9B /* Release */ = {
			isa = XCBuildConfiguration;
			buildSettings = {
				ALWAYS_SEARCH_USER_PATHS = NO;
				CLANG_ANALYZER_NONNULL = YES;
				CLANG_CXX_LANGUAGE_STANDARD = "gnu++0x";
				CLANG_CXX_LIBRARY = "libc++";
				CLANG_ENABLE_MODULES = YES;
				CLANG_ENABLE_OBJC_ARC = YES;
				CLANG_WARN_BOOL_CONVERSION = YES;
				CLANG_WARN_CONSTANT_CONVERSION = YES;
				CLANG_WARN_DIRECT_OBJC_ISA_USAGE = YES_ERROR;
				CLANG_WARN_DOCUMENTATION_COMMENTS = YES;
				CLANG_WARN_EMPTY_BODY = YES;
				CLANG_WARN_ENUM_CONVERSION = YES;
				CLANG_WARN_INFINITE_RECURSION = YES;
				CLANG_WARN_INT_CONVERSION = YES;
				CLANG_WARN_OBJC_ROOT_CLASS = YES_ERROR;
				CLANG_WARN_SUSPICIOUS_MOVE = YES;
				CLANG_WARN_UNREACHABLE_CODE = YES;
				CLANG_WARN__DUPLICATE_METHOD_MATCH = YES;
				"CODE_SIGN_IDENTITY[sdk=iphoneos*]" = "iPhone Developer";
				COPY_PHASE_STRIP = NO;
				DEBUG_INFORMATION_FORMAT = "dwarf-with-dsym";
				ENABLE_NS_ASSERTIONS = NO;
				ENABLE_STRICT_OBJC_MSGSEND = YES;
				GCC_C_LANGUAGE_STANDARD = gnu99;
				GCC_NO_COMMON_BLOCKS = YES;
				GCC_WARN_64_TO_32_BIT_CONVERSION = YES;
				GCC_WARN_ABOUT_RETURN_TYPE = YES_ERROR;
				GCC_WARN_UNDECLARED_SELECTOR = YES;
				GCC_WARN_UNINITIALIZED_AUTOS = YES_AGGRESSIVE;
				GCC_WARN_UNUSED_FUNCTION = YES;
				GCC_WARN_UNUSED_VARIABLE = YES;
				IPHONEOS_DEPLOYMENT_TARGET = 10.2;
				MTL_ENABLE_DEBUG_INFO = NO;
				SDKROOT = iphoneos;
				SWIFT_OPTIMIZATION_LEVEL = "-Owholemodule";
				VALIDATE_PRODUCT = YES;
			};
			name = Release;
		};
		E01CB96B1E86BCF000463F9B /* Debug */ = {
			isa = XCBuildConfiguration;
			baseConfigurationReference = 7D59F1D87D4116C3C2B5BA78 /* Pods-UVVClassroom.debug.xcconfig */;
			buildSettings = {
				ASSETCATALOG_COMPILER_APPICON_NAME = AppIcon;
				DEVELOPMENT_TEAM = H55HQZ682T;
				INFOPLIST_FILE = UVVClassroom/Info.plist;
				LD_RUNPATH_SEARCH_PATHS = "$(inherited) @executable_path/Frameworks";
				PRODUCT_BUNDLE_IDENTIFIER = lorenzopicoli.me.UVVClassroom;
				PRODUCT_NAME = "$(TARGET_NAME)";
				SWIFT_VERSION = 3.0;
			};
			name = Debug;
		};
		E01CB96C1E86BCF000463F9B /* Release */ = {
			isa = XCBuildConfiguration;
			baseConfigurationReference = 147EC4D187F01DC9D2C4D36F /* Pods-UVVClassroom.release.xcconfig */;
			buildSettings = {
				ASSETCATALOG_COMPILER_APPICON_NAME = AppIcon;
				DEVELOPMENT_TEAM = H55HQZ682T;
				INFOPLIST_FILE = UVVClassroom/Info.plist;
				LD_RUNPATH_SEARCH_PATHS = "$(inherited) @executable_path/Frameworks";
				PRODUCT_BUNDLE_IDENTIFIER = lorenzopicoli.me.UVVClassroom;
				PRODUCT_NAME = "$(TARGET_NAME)";
				SWIFT_VERSION = 3.0;
			};
			name = Release;
		};
/* End XCBuildConfiguration section */

/* Begin XCConfigurationList section */
		E01CB9531E86BCEF00463F9B /* Build configuration list for PBXProject "UVVClassroom" */ = {
			isa = XCConfigurationList;
			buildConfigurations = (
				E01CB9681E86BCF000463F9B /* Debug */,
				E01CB9691E86BCF000463F9B /* Release */,
			);
			defaultConfigurationIsVisible = 0;
			defaultConfigurationName = Release;
		};
		E01CB96A1E86BCF000463F9B /* Build configuration list for PBXNativeTarget "UVVClassroom" */ = {
			isa = XCConfigurationList;
			buildConfigurations = (
				E01CB96B1E86BCF000463F9B /* Debug */,
				E01CB96C1E86BCF000463F9B /* Release */,
			);
			defaultConfigurationIsVisible = 0;
		};
/* End XCConfigurationList section */
	};
	rootObject = E01CB9501E86BCEF00463F9B /* Project object */;
}
