PODS:
  - Alamofire (4.4.0)
  - EasyPeasy (1.4.1)
  - SwiftyJSON (3.1.4)

DEPENDENCIES:
  - Alamofire (~> 4.4)
  - EasyPeasy
  - SwiftyJSON

SPEC CHECKSUMS:
  Alamofire: dc44b1600b800eb63da6a19039a0083d62a6a62d
  EasyPeasy: b8a2feebd47395aaf46bde178abcddd36c922d37
  SwiftyJSON: c2842d878f95482ffceec5709abc3d05680c0220

PODFILE CHECKSUM: 7655c2eeae09faabc5e33887870494f7f49e3571

COCOAPODS: 1.2.0
